
Microsoft Visual Studio Solution File, Format Version 12.00
# Visual Studio Version 16
VisualStudioVersion = 16.0.31729.503
MinimumVisualStudioVersion = 10.0.40219.1
Project("{FAE04EC0-301F-11D3-BF4B-00C04F79EFBC}") = "LHOTELServer", "LHOTELServer.csproj", "{7252C4FE-23FE-4976-8C2D-6C9DC49942C8}"
EndProject
Project("{FAE04EC0-301F-11D3-BF4B-00C04F79EFBC}") = "BLL", "..\BLL\BLL.csproj", "{57578F06-B6E9-4E9E-BBA8-548E2FC740F5}"
EndProject
Project("{FAE04EC0-301F-11D3-BF4B-00C04F79EFBC}") = "DAL", "..\DAL\DAL.csproj", "{607E5CD9-7260-434F-AFF6-B9E6CFD84316}"
EndProject
Global
	GlobalSection(SolutionConfigurationPlatforms) = preSolution
		Debug|Any CPU = Debug|Any CPU
		Release|Any CPU = Release|Any CPU
	EndGlobalSection
	GlobalSection(ProjectConfigurationPlatforms) = postSolution
		{7252C4FE-23FE-4976-8C2D-6C9DC49942C8}.Debug|Any CPU.ActiveCfg = Debug|Any CPU
		{7252C4FE-23FE-4976-8C2D-6C9DC49942C8}.Debug|Any CPU.Build.0 = Debug|Any CPU
		{7252C4FE-23FE-4976-8C2D-6C9DC49942C8}.Release|Any CPU.ActiveCfg = Release|Any CPU
		{7252C4FE-23FE-4976-8C2D-6C9DC49942C8}.Release|Any CPU.Build.0 = Release|Any CPU
		{57578F06-B6E9-4E9E-BBA8-548E2FC740F5}.Debug|Any CPU.ActiveCfg = Debug|Any CPU
		{57578F06-B6E9-4E9E-BBA8-548E2FC740F5}.Debug|Any CPU.Build.0 = Debug|Any CPU
		{57578F06-B6E9-4E9E-BBA8-548E2FC740F5}.Release|Any CPU.ActiveCfg = Release|Any CPU
		{57578F06-B6E9-4E9E-BBA8-548E2FC740F5}.Release|Any CPU.Build.0 = Release|Any CPU
		{607E5CD9-7260-434F-AFF6-B9E6CFD84316}.Debug|Any CPU.ActiveCfg = Debug|Any CPU
		{607E5CD9-7260-434F-AFF6-B9E6CFD84316}.Debug|Any CPU.Build.0 = Debug|Any CPU
		{607E5CD9-7260-434F-AFF6-B9E6CFD84316}.Release|Any CPU.ActiveCfg = Release|Any CPU
		{607E5CD9-7260-434F-AFF6-B9E6CFD84316}.Release|Any CPU.Build.0 = Release|Any CPU
	EndGlobalSection
	GlobalSection(SolutionProperties) = preSolution
		HideSolutionNode = FALSE
	EndGlobalSection
	GlobalSection(ExtensibilityGlobals) = postSolution
		SolutionGuid = {8397F719-FAFB-43A0-8B76-A1443ADBC69D}
	EndGlobalSection
EndGlobal
