
Microsoft Visual Studio Solution File, Format Version 12.00
# Visual Studio Version 16
VisualStudioVersion = 16.0.31729.503
MinimumVisualStudioVersion = 10.0.40219.1
Project("{FAE04EC0-301F-11D3-BF4B-00C04F79EFBC}") = "LHOTELServer", "LHOTELServer\LHOTELServer.csproj", "{9890AFF4-4997-4234-A431-D8A39C946CBD}"
EndProject
Project("{FAE04EC0-301F-11D3-BF4B-00C04F79EFBC}") = "BLL", "BLL\BLL.csproj", "{512EB5A7-20C6-4C87-A506-6769C802E895}"
EndProject
Project("{FAE04EC0-301F-11D3-BF4B-00C04F79EFBC}") = "DAL", "DAL\DAL.csproj", "{BD60332B-41BC-4C7A-A0AD-05243F8AA9A2}"
EndProject
Global
	GlobalSection(SolutionConfigurationPlatforms) = preSolution
		Debug|Any CPU = Debug|Any CPU
		Release|Any CPU = Release|Any CPU
	EndGlobalSection
	GlobalSection(ProjectConfigurationPlatforms) = postSolution
		{9890AFF4-4997-4234-A431-D8A39C946CBD}.Debug|Any CPU.ActiveCfg = Debug|Any CPU
		{9890AFF4-4997-4234-A431-D8A39C946CBD}.Debug|Any CPU.Build.0 = Debug|Any CPU
		{9890AFF4-4997-4234-A431-D8A39C946CBD}.Release|Any CPU.ActiveCfg = Release|Any CPU
		{9890AFF4-4997-4234-A431-D8A39C946CBD}.Release|Any CPU.Build.0 = Release|Any CPU
		{512EB5A7-20C6-4C87-A506-6769C802E895}.Debug|Any CPU.ActiveCfg = Debug|Any CPU
		{512EB5A7-20C6-4C87-A506-6769C802E895}.Debug|Any CPU.Build.0 = Debug|Any CPU
		{512EB5A7-20C6-4C87-A506-6769C802E895}.Release|Any CPU.ActiveCfg = Release|Any CPU
		{512EB5A7-20C6-4C87-A506-6769C802E895}.Release|Any CPU.Build.0 = Release|Any CPU
		{BD60332B-41BC-4C7A-A0AD-05243F8AA9A2}.Debug|Any CPU.ActiveCfg = Debug|Any CPU
		{BD60332B-41BC-4C7A-A0AD-05243F8AA9A2}.Debug|Any CPU.Build.0 = Debug|Any CPU
		{BD60332B-41BC-4C7A-A0AD-05243F8AA9A2}.Release|Any CPU.ActiveCfg = Release|Any CPU
		{BD60332B-41BC-4C7A-A0AD-05243F8AA9A2}.Release|Any CPU.Build.0 = Release|Any CPU
	EndGlobalSection
	GlobalSection(SolutionProperties) = preSolution
		HideSolutionNode = FALSE
	EndGlobalSection
	GlobalSection(ExtensibilityGlobals) = postSolution
		SolutionGuid = {4378E3F7-DA60-4358-9B35-7348FABCE22F}
	EndGlobalSection
EndGlobal
